
Microsoft Visual Studio Solution File, Format Version 12.00
# Visual Studio Version 17
VisualStudioVersion = 17.8.34316.72
MinimumVisualStudioVersion = 10.0.40219.1
Project("{FAE04EC0-301F-11D3-BF4B-00C04F79EFBC}") = "AdsServer", "AdsServer\AdsServer.csproj", "{C13860F4-C8DB-4AD2-8425-59748E1241EE}"
EndProject
Global
	GlobalSection(SolutionConfigurationPlatforms) = preSolution
		Debug|Any CPU = Debug|Any CPU
		Release|Any CPU = Release|Any CPU
	EndGlobalSection
	GlobalSection(ProjectConfigurationPlatforms) = postSolution
		{C13860F4-C8DB-4AD2-8425-59748E1241EE}.Debug|Any CPU.ActiveCfg = Debug|Any CPU
		{C13860F4-C8DB-4AD2-8425-59748E1241EE}.Debug|Any CPU.Build.0 = Debug|Any CPU
		{C13860F4-C8DB-4AD2-8425-59748E1241EE}.Release|Any CPU.ActiveCfg = Release|Any CPU
		{C13860F4-C8DB-4AD2-8425-59748E1241EE}.Release|Any CPU.Build.0 = Release|Any CPU
	EndGlobalSection
	GlobalSection(SolutionProperties) = preSolution
		HideSolutionNode = FALSE
	EndGlobalSection
	GlobalSection(ExtensibilityGlobals) = postSolution
		SolutionGuid = {3543D008-F4A8-41A9-8C9B-4C2CF4515368}
	EndGlobalSection
EndGlobal
